
Microsoft Visual Studio Solution File, Format Version 12.00
# Visual Studio Version 17
VisualStudioVersion = 17.5.33530.505
MinimumVisualStudioVersion = 10.0.40219.1
Project("{FAE04EC0-301F-11D3-BF4B-00C04F79EFBC}") = "Taller1_Unidad2", "Taller1_Unidad2\Taller1_Unidad2.csproj", "{CE6BD48E-B414-4FA0-A789-F90443581827}"
EndProject
Global
	GlobalSection(SolutionConfigurationPlatforms) = preSolution
		Debug|Any CPU = Debug|Any CPU
		Release|Any CPU = Release|Any CPU
	EndGlobalSection
	GlobalSection(ProjectConfigurationPlatforms) = postSolution
		{CE6BD48E-B414-4FA0-A789-F90443581827}.Debug|Any CPU.ActiveCfg = Debug|Any CPU
		{CE6BD48E-B414-4FA0-A789-F90443581827}.Debug|Any CPU.Build.0 = Debug|Any CPU
		{CE6BD48E-B414-4FA0-A789-F90443581827}.Release|Any CPU.ActiveCfg = Release|Any CPU
		{CE6BD48E-B414-4FA0-A789-F90443581827}.Release|Any CPU.Build.0 = Release|Any CPU
	EndGlobalSection
	GlobalSection(SolutionProperties) = preSolution
		HideSolutionNode = FALSE
	EndGlobalSection
	GlobalSection(ExtensibilityGlobals) = postSolution
		SolutionGuid = {71534D1B-643F-4DEC-8B7E-AEBD9E2D2F8F}
	EndGlobalSection
EndGlobal
